
Microsoft Visual Studio Solution File, Format Version 12.00
# Visual Studio Version 17
VisualStudioVersion = 17.11.35327.3
MinimumVisualStudioVersion = 10.0.40219.1
Project("{8BC9CEB8-8B4A-11D0-8D11-00A0C91BC942}") = "LB10.2_B", "LB10.2_B\LB10.2_B.vcxproj", "{AC35F726-10CD-4E9C-9387-09C5EDB25E5C}"
EndProject
Project("{8BC9CEB8-8B4A-11D0-8D11-00A0C91BC942}") = "UnitTest10.2_B", "UnitTest10.2_B\UnitTest10.2_B.vcxproj", "{64C97787-FF55-415A-91C7-6FBB63AB34E9}"
EndProject
Global
	GlobalSection(SolutionConfigurationPlatforms) = preSolution
		Debug|x64 = Debug|x64
		Debug|x86 = Debug|x86
		Release|x64 = Release|x64
		Release|x86 = Release|x86
	EndGlobalSection
	GlobalSection(ProjectConfigurationPlatforms) = postSolution
		{AC35F726-10CD-4E9C-9387-09C5EDB25E5C}.Debug|x64.ActiveCfg = Debug|x64
		{AC35F726-10CD-4E9C-9387-09C5EDB25E5C}.Debug|x64.Build.0 = Debug|x64
		{AC35F726-10CD-4E9C-9387-09C5EDB25E5C}.Debug|x86.ActiveCfg = Debug|Win32
		{AC35F726-10CD-4E9C-9387-09C5EDB25E5C}.Debug|x86.Build.0 = Debug|Win32
		{AC35F726-10CD-4E9C-9387-09C5EDB25E5C}.Release|x64.ActiveCfg = Release|x64
		{AC35F726-10CD-4E9C-9387-09C5EDB25E5C}.Release|x64.Build.0 = Release|x64
		{AC35F726-10CD-4E9C-9387-09C5EDB25E5C}.Release|x86.ActiveCfg = Release|Win32
		{AC35F726-10CD-4E9C-9387-09C5EDB25E5C}.Release|x86.Build.0 = Release|Win32
		{64C97787-FF55-415A-91C7-6FBB63AB34E9}.Debug|x64.ActiveCfg = Debug|x64
		{64C97787-FF55-415A-91C7-6FBB63AB34E9}.Debug|x64.Build.0 = Debug|x64
		{64C97787-FF55-415A-91C7-6FBB63AB34E9}.Debug|x86.ActiveCfg = Debug|Win32
		{64C97787-FF55-415A-91C7-6FBB63AB34E9}.Debug|x86.Build.0 = Debug|Win32
		{64C97787-FF55-415A-91C7-6FBB63AB34E9}.Release|x64.ActiveCfg = Release|x64
		{64C97787-FF55-415A-91C7-6FBB63AB34E9}.Release|x64.Build.0 = Release|x64
		{64C97787-FF55-415A-91C7-6FBB63AB34E9}.Release|x86.ActiveCfg = Release|Win32
		{64C97787-FF55-415A-91C7-6FBB63AB34E9}.Release|x86.Build.0 = Release|Win32
	EndGlobalSection
	GlobalSection(SolutionProperties) = preSolution
		HideSolutionNode = FALSE
	EndGlobalSection
	GlobalSection(ExtensibilityGlobals) = postSolution
		SolutionGuid = {42CB405A-1A9C-488F-9499-AB60EFF5F49C}
	EndGlobalSection
EndGlobal
